
Microsoft Visual Studio Solution File, Format Version 12.00
# Visual Studio Version 17
VisualStudioVersion = 17.3.32804.467
MinimumVisualStudioVersion = 10.0.40219.1
Project("{FAE04EC0-301F-11D3-BF4B-00C04F79EFBC}") = "problem 13", "problem 13\problem 13.csproj", "{36547671-80B1-4109-A011-26A9A6E1DA97}"
EndProject
Global
	GlobalSection(SolutionConfigurationPlatforms) = preSolution
		Debug|Any CPU = Debug|Any CPU
		Release|Any CPU = Release|Any CPU
	EndGlobalSection
	GlobalSection(ProjectConfigurationPlatforms) = postSolution
		{36547671-80B1-4109-A011-26A9A6E1DA97}.Debug|Any CPU.ActiveCfg = Debug|Any CPU
		{36547671-80B1-4109-A011-26A9A6E1DA97}.Debug|Any CPU.Build.0 = Debug|Any CPU
		{36547671-80B1-4109-A011-26A9A6E1DA97}.Release|Any CPU.ActiveCfg = Release|Any CPU
		{36547671-80B1-4109-A011-26A9A6E1DA97}.Release|Any CPU.Build.0 = Release|Any CPU
	EndGlobalSection
	GlobalSection(SolutionProperties) = preSolution
		HideSolutionNode = FALSE
	EndGlobalSection
	GlobalSection(ExtensibilityGlobals) = postSolution
		SolutionGuid = {A5931365-BAF7-47E2-95BC-BB008A9503FE}
	EndGlobalSection
EndGlobal
